
Microsoft Visual Studio Solution File, Format Version 12.00
# Visual Studio 15
VisualStudioVersion = 15.0.28307.645
MinimumVisualStudioVersion = 10.0.40219.1
Project("{9A19103F-16F7-4668-BE54-9A1E7A4F7556}") = "TodoApplication", "Todo\TodoApplication.csproj", "{C34B7CB0-465C-4545-A78F-CFD11D179830}"
EndProject
Global
	GlobalSection(SolutionConfigurationPlatforms) = preSolution
		Debug|Any CPU = Debug|Any CPU
		Release|Any CPU = Release|Any CPU
	EndGlobalSection
	GlobalSection(ProjectConfigurationPlatforms) = postSolution
		{C34B7CB0-465C-4545-A78F-CFD11D179830}.Debug|Any CPU.ActiveCfg = Debug|Any CPU
		{C34B7CB0-465C-4545-A78F-CFD11D179830}.Debug|Any CPU.Build.0 = Debug|Any CPU
		{C34B7CB0-465C-4545-A78F-CFD11D179830}.Release|Any CPU.ActiveCfg = Release|Any CPU
		{C34B7CB0-465C-4545-A78F-CFD11D179830}.Release|Any CPU.Build.0 = Release|Any CPU
	EndGlobalSection
	GlobalSection(SolutionProperties) = preSolution
		HideSolutionNode = FALSE
	EndGlobalSection
	GlobalSection(ExtensibilityGlobals) = postSolution
		SolutionGuid = {A2DE8CBC-228F-4359-B9E2-57712A9450A7}
	EndGlobalSection
EndGlobal
